
Microsoft Visual Studio Solution File, Format Version 12.00
# Visual Studio Version 16
VisualStudioVersion = 16.0.30804.86
MinimumVisualStudioVersion = 10.0.40219.1
Project("{FAE04EC0-301F-11D3-BF4B-00C04F79EFBC}") = "Picture Toolbox", "Picture Toolbox\Picture Toolbox.csproj", "{C43D3031-4BF9-4805-9F77-948D509B62D3}"
EndProject
Global
	GlobalSection(SolutionConfigurationPlatforms) = preSolution
		Debug|Any CPU = Debug|Any CPU
		Release|Any CPU = Release|Any CPU
	EndGlobalSection
	GlobalSection(ProjectConfigurationPlatforms) = postSolution
		{C43D3031-4BF9-4805-9F77-948D509B62D3}.Debug|Any CPU.ActiveCfg = Debug|Any CPU
		{C43D3031-4BF9-4805-9F77-948D509B62D3}.Debug|Any CPU.Build.0 = Debug|Any CPU
		{C43D3031-4BF9-4805-9F77-948D509B62D3}.Release|Any CPU.ActiveCfg = Release|Any CPU
		{C43D3031-4BF9-4805-9F77-948D509B62D3}.Release|Any CPU.Build.0 = Release|Any CPU
	EndGlobalSection
	GlobalSection(SolutionProperties) = preSolution
		HideSolutionNode = FALSE
	EndGlobalSection
	GlobalSection(ExtensibilityGlobals) = postSolution
		SolutionGuid = {7E175CD7-A6FB-4D1E-AB61-85D284F3C68F}
	EndGlobalSection
EndGlobal
